
Microsoft Visual Studio Solution File, Format Version 12.00
# Visual Studio Version 16
VisualStudioVersion = 16.0.29806.167
MinimumVisualStudioVersion = 10.0.40219.1
Project("{E24C65DC-7377-472B-9ABA-BC803B73C61A}") = "WebControlLib", "WebControlLib\", "{77E5BF75-9D52-4F26-A401-A19966307ACA}"
	ProjectSection(WebsiteProperties) = preProject
		TargetFrameworkMoniker = ".NETFramework,Version%3Dv4.0"
		Debug.AspNetCompiler.VirtualPath = "/localhost_39162"
		Debug.AspNetCompiler.PhysicalPath = "WebControlLib\"
		Debug.AspNetCompiler.TargetPath = "PrecompiledWeb\localhost_39162\"
		Debug.AspNetCompiler.Updateable = "true"
		Debug.AspNetCompiler.ForceOverwrite = "true"
		Debug.AspNetCompiler.FixedNames = "false"
		Debug.AspNetCompiler.Debug = "True"
		Release.AspNetCompiler.VirtualPath = "/localhost_39162"
		Release.AspNetCompiler.PhysicalPath = "WebControlLib\"
		Release.AspNetCompiler.TargetPath = "PrecompiledWeb\localhost_39162\"
		Release.AspNetCompiler.Updateable = "true"
		Release.AspNetCompiler.ForceOverwrite = "true"
		Release.AspNetCompiler.FixedNames = "false"
		Release.AspNetCompiler.Debug = "False"
		VWDPort = "39162"
		SlnRelativePath = "WebControlLib\"
	EndProjectSection
EndProject
Project("{FAE04EC0-301F-11D3-BF4B-00C04F79EFBC}") = "ICSP.Core", "ICSP.Core\ICSP.Core.csproj", "{7BE1A4D4-D8D8-464F-9F03-3F5695A11B24}"
EndProject
Project("{FAE04EC0-301F-11D3-BF4B-00C04F79EFBC}") = "ICSP.Control", "ICSP.Control\ICSP.Control.csproj", "{2D2400F3-3601-4C96-9FB7-1AC8D6ABA847}"
EndProject
Project("{9A19103F-16F7-4668-BE54-9A1E7A4F7556}") = "ICSP.WebControl", "ICSP.WebControl\ICSP.WebControl.csproj", "{2DE46315-9DBA-4899-8E44-6C667C0F07E4}"
EndProject
Project("{9A19103F-16F7-4668-BE54-9A1E7A4F7556}") = "ICSP.WebProxy", "ICSP.WebProxy\ICSP.WebProxy.csproj", "{539485DC-332B-495F-A7A6-806A51FCFCDF}"
EndProject
Project("{FAE04EC0-301F-11D3-BF4B-00C04F79EFBC}") = "ICSP.WebClientTest", "ICSP.WebClientTest\ICSP.WebClientTest.csproj", "{75AB19D5-710C-4297-832A-A11525EAA06C}"
EndProject
Project("{FAE04EC0-301F-11D3-BF4B-00C04F79EFBC}") = "ICSP.WsProxy", "ICSP.WsProxy\ICSP.WsProxy.csproj", "{15C9E815-E99A-4FDF-958A-5D5B9AF34B85}"
EndProject
Global
	GlobalSection(SolutionConfigurationPlatforms) = preSolution
		Debug|Any CPU = Debug|Any CPU
		Release|Any CPU = Release|Any CPU
	EndGlobalSection
	GlobalSection(ProjectConfigurationPlatforms) = postSolution
		{77E5BF75-9D52-4F26-A401-A19966307ACA}.Debug|Any CPU.ActiveCfg = Debug|Any CPU
		{77E5BF75-9D52-4F26-A401-A19966307ACA}.Debug|Any CPU.Build.0 = Debug|Any CPU
		{77E5BF75-9D52-4F26-A401-A19966307ACA}.Release|Any CPU.ActiveCfg = Debug|Any CPU
		{77E5BF75-9D52-4F26-A401-A19966307ACA}.Release|Any CPU.Build.0 = Debug|Any CPU
		{7BE1A4D4-D8D8-464F-9F03-3F5695A11B24}.Debug|Any CPU.ActiveCfg = Debug|Any CPU
		{7BE1A4D4-D8D8-464F-9F03-3F5695A11B24}.Debug|Any CPU.Build.0 = Debug|Any CPU
		{7BE1A4D4-D8D8-464F-9F03-3F5695A11B24}.Release|Any CPU.ActiveCfg = Release|Any CPU
		{7BE1A4D4-D8D8-464F-9F03-3F5695A11B24}.Release|Any CPU.Build.0 = Release|Any CPU
		{2D2400F3-3601-4C96-9FB7-1AC8D6ABA847}.Debug|Any CPU.ActiveCfg = Debug|Any CPU
		{2D2400F3-3601-4C96-9FB7-1AC8D6ABA847}.Debug|Any CPU.Build.0 = Debug|Any CPU
		{2D2400F3-3601-4C96-9FB7-1AC8D6ABA847}.Release|Any CPU.ActiveCfg = Release|Any CPU
		{2D2400F3-3601-4C96-9FB7-1AC8D6ABA847}.Release|Any CPU.Build.0 = Release|Any CPU
		{2DE46315-9DBA-4899-8E44-6C667C0F07E4}.Debug|Any CPU.ActiveCfg = Debug|Any CPU
		{2DE46315-9DBA-4899-8E44-6C667C0F07E4}.Debug|Any CPU.Build.0 = Debug|Any CPU
		{2DE46315-9DBA-4899-8E44-6C667C0F07E4}.Release|Any CPU.ActiveCfg = Release|Any CPU
		{2DE46315-9DBA-4899-8E44-6C667C0F07E4}.Release|Any CPU.Build.0 = Release|Any CPU
		{539485DC-332B-495F-A7A6-806A51FCFCDF}.Debug|Any CPU.ActiveCfg = Debug|Any CPU
		{539485DC-332B-495F-A7A6-806A51FCFCDF}.Debug|Any CPU.Build.0 = Debug|Any CPU
		{539485DC-332B-495F-A7A6-806A51FCFCDF}.Release|Any CPU.ActiveCfg = Release|Any CPU
		{539485DC-332B-495F-A7A6-806A51FCFCDF}.Release|Any CPU.Build.0 = Release|Any CPU
		{75AB19D5-710C-4297-832A-A11525EAA06C}.Debug|Any CPU.ActiveCfg = Debug|Any CPU
		{75AB19D5-710C-4297-832A-A11525EAA06C}.Debug|Any CPU.Build.0 = Debug|Any CPU
		{75AB19D5-710C-4297-832A-A11525EAA06C}.Release|Any CPU.ActiveCfg = Release|Any CPU
		{75AB19D5-710C-4297-832A-A11525EAA06C}.Release|Any CPU.Build.0 = Release|Any CPU
		{15C9E815-E99A-4FDF-958A-5D5B9AF34B85}.Debug|Any CPU.ActiveCfg = Debug|Any CPU
		{15C9E815-E99A-4FDF-958A-5D5B9AF34B85}.Debug|Any CPU.Build.0 = Debug|Any CPU
		{15C9E815-E99A-4FDF-958A-5D5B9AF34B85}.Release|Any CPU.ActiveCfg = Release|Any CPU
		{15C9E815-E99A-4FDF-958A-5D5B9AF34B85}.Release|Any CPU.Build.0 = Release|Any CPU
	EndGlobalSection
	GlobalSection(SolutionProperties) = preSolution
		HideSolutionNode = FALSE
	EndGlobalSection
	GlobalSection(ExtensibilityGlobals) = postSolution
		SolutionGuid = {94B755AC-CC3C-4382-8056-919A8E8B6726}
	EndGlobalSection
EndGlobal
